# This file is automatically @generated by Cargo.
# It is not intended for manual editing.
version = 4

[[package]]
name = "atomic-lend-cell"
version = "0.1.0"
source = "registry+https://github.com/rust-lang/crates.io-index"
checksum = "1304c5ae1b2707b94952772cde526a36287baa600894d8f9e671fe4c9870f7ae"

[[package]]
name = "rust_compiler"
version = "0.1.0"
dependencies = [
 "atomic-lend-cell",
]
